{
  "name": "prisma-client-a7e0208ddda26cfe02aed900498a434f79174535e458a34df4fd83b037e31136",
  "version": "6.8.2",
  "lockfileVersion": 3,
  "requires": true,
  "packages": {
    "": {
      "name": "prisma-client-a7e0208ddda26cfe02aed900498a434f79174535e458a34df4fd83b037e31136",
      "version": "6.8.2"
    }
  }
}
