{
  "name": "prisma-client-590255cc3560bc007ec2d1052fa6494ed75c200594b41cd461a3016be708f474",
  "version": "6.8.2",
  "lockfileVersion": 3,
  "requires": true,
  "packages": {
    "": {
      "name": "prisma-client-590255cc3560bc007ec2d1052fa6494ed75c200594b41cd461a3016be708f474",
      "version": "6.8.2"
    }
  }
}
