{
  "name": "prisma-client-b3fedc3763fec505b9dc15922e6b7aa52590f02e8956cc87b419c972302aacf7",
  "version": "6.8.2",
  "lockfileVersion": 3,
  "requires": true,
  "packages": {
    "": {
      "name": "prisma-client-b3fedc3763fec505b9dc15922e6b7aa52590f02e8956cc87b419c972302aacf7",
      "version": "6.8.2"
    }
  }
}
